# THIS IS AN AUTOGENERATED FILE. DO NOT EDIT THIS FILE DIRECTLY.
# yarn lockfile v1


"@mixmark-io/domino@^2.2.0":
  version "2.2.0"
  resolved "https://registry.yarnpkg.com/@mixmark-io/domino/-/domino-2.2.0.tgz#4e8ec69bf1afeb7a14f0628b7e2c0f35bdb336c3"
  integrity sha512-Y28PR25bHXUg88kCV7nivXrP2Nj2RueZ3/l/jdx6J9f8J4nsEGcgX0Qe6lt7Pa+J79+kPiJU3LguR6O/6zrLOw==

"@remirror/core-constants@3.0.0":
  version "3.0.0"
  resolved "https://registry.yarnpkg.com/@remirror/core-constants/-/core-constants-3.0.0.tgz#96fdb89d25c62e7b6a5d08caf0ce5114370e3b8f"
  integrity sha512-42aWfPrimMfDKDi4YegyS7x+/0tlzaqwPQCULLanv3DMIlu96KTJR0fM5isWX2UViOqlGnX6YFgqWepcX+XMNg==

"@tiptap/core@^2.10.3", "@tiptap/core@^2.27.1":
  version "2.27.1"
  resolved "https://registry.yarnpkg.com/@tiptap/core/-/core-2.27.1.tgz#0a91346952b8314cd6bbe5cda0c32a6e7e24f432"
  integrity sha512-nkerkl8syHj44ZzAB7oA2GPmmZINKBKCa79FuNvmGJrJ4qyZwlkDzszud23YteFZEytbc87kVd/fP76ROS6sLg==

"@tiptap/extension-blockquote@^2.27.1":
  version "2.27.1"
  resolved "https://registry.yarnpkg.com/@tiptap/extension-blockquote/-/extension-blockquote-2.27.1.tgz#52384b3e0fd0ea3d2ca44bf9b45c40d49807831e"
  integrity sha512-QrUX3muElDrNjKM3nqCSAtm3H3pT33c6ON8kwRiQboOAjT/9D57Cs7XEVY7r6rMaJPeKztrRUrNVF9w/w/6B0A==

"@tiptap/extension-bold@^2.27.1":
  version "2.27.1"
  resolved "https://registry.yarnpkg.com/@tiptap/extension-bold/-/extension-bold-2.27.1.tgz#d5603263209f59c362900b6f1855a0da4abfa4db"
  integrity sha512-g4l4p892x/r7mhea8syp3fNYODxsDrimgouQ+q4DKXIgQmm5+uNhyuEPexP3I8TFNXqQ4DlMNFoM9yCqk97etQ==

"@tiptap/extension-bullet-list@^2.27.1":
  version "2.27.1"
  resolved "https://registry.yarnpkg.com/@tiptap/extension-bullet-list/-/extension-bullet-list-2.27.1.tgz#d463f9cd0e660b508fa500886dfb75eb4454c316"
  integrity sha512-5FmnfXkJ76wN4EbJNzBhAlmQxho8yEMIJLchTGmXdsD/n/tsyVVtewnQYaIOj/Z7naaGySTGDmjVtLgTuQ+Sxw==

"@tiptap/extension-code-block-lowlight@^2.10.3":
  version "2.27.1"
  resolved "https://registry.yarnpkg.com/@tiptap/extension-code-block-lowlight/-/extension-code-block-lowlight-2.27.1.tgz#827d67063517e46085b4516ff418778fcbd07e51"
  integrity sha512-Ijg9724uX/l4LXLELEeztZIgg+bDE/jJCkgS1+mavkRA/qtidpQkHo7L/Ry22fmj/ktCtZLjPXE5JAPAoRU6zA==

"@tiptap/extension-code-block@^2.10.3", "@tiptap/extension-code-block@^2.27.1":
  version "2.27.1"
  resolved "https://registry.yarnpkg.com/@tiptap/extension-code-block/-/extension-code-block-2.27.1.tgz#e23502e256a66c74df1b52799ce879764680ea51"
  integrity sha512-wCI5VIOfSAdkenCWFvh4m8FFCJ51EOK+CUmOC/PWUjyo2Dgn8QC8HMi015q8XF7886T0KvYVVoqxmxJSUDAYNg==

"@tiptap/extension-code@^2.27.1":
  version "2.27.1"
  resolved "https://registry.yarnpkg.com/@tiptap/extension-code/-/extension-code-2.27.1.tgz#fdfc8b3c90fb09761dc4b9a955df282d68757b52"
  integrity sha512-i65wUGJevzBTIIUBHBc1ggVa27bgemvGl/tY1/89fEuS/0Xmre+OQjw8rCtSLevoHSiYYLgLRlvjtUSUhE4kgg==

"@tiptap/extension-collaboration-cursor@^2.10.3":
  version "2.26.2"
  resolved "https://registry.yarnpkg.com/@tiptap/extension-collaboration-cursor/-/extension-collaboration-cursor-2.26.2.tgz#2c3b1428a06f35e8a37ced40bcfcb70dc6a2d62f"
  integrity sha512-FdRb27mZ5Kr18hN6cbfBj1e9F0DOoHB1Gv3IYeic+g4h1C9BjDVMN0+JRBQc+4lamNA8TsHO0oKWRwaPe4sSlA==

"@tiptap/extension-collaboration@^2.10.3":
  version "2.27.1"
  resolved "https://registry.yarnpkg.com/@tiptap/extension-collaboration/-/extension-collaboration-2.27.1.tgz#7a472b159f80ae8939aa22fa97f263b0b887c9f1"
  integrity sha512-fR35dIYDHM9870zl2sHaA2ytSVcjASv8Nfnb1Mgslt/F3Lqsu9TOv/oJWi9nYBvjjrfK0RNaoGFVH7p2z7FR3w==

"@tiptap/extension-color@^2.10.3":
  version "2.27.1"
  resolved "https://registry.yarnpkg.com/@tiptap/extension-color/-/extension-color-2.27.1.tgz#3936a5b8e2e95126bcd20130c18c72061dc331f8"
  integrity sha512-raYRsdG2tZvVvY1LV/VTZnDG44Y0xRBwo5CZEat0OUqdx34dfvCtYm8HIOTyWBwr7OOW+yR4O1Vc2zFkmfthZw==

"@tiptap/extension-document@^2.10.3", "@tiptap/extension-document@^2.27.1":
  version "2.27.1"
  resolved "https://registry.yarnpkg.com/@tiptap/extension-document/-/extension-document-2.27.1.tgz#8c7ccb5f52e560a2a55b3519d87ca5bad5c1dd83"
  integrity sha512-NtJzJY7Q/6XWjpOm5OXKrnEaofrcc1XOTYlo/SaTwl8k2bZo918Vl0IDBWhPVDsUN7kx767uHwbtuQZ+9I82hA==

"@tiptap/extension-dropcursor@^2.27.1":
  version "2.27.1"
  resolved "https://registry.yarnpkg.com/@tiptap/extension-dropcursor/-/extension-dropcursor-2.27.1.tgz#344f30c748b014e8502e964c00cfdb9f27ab931f"
  integrity sha512-3MBQRGHHZ0by3OT0CWbLKS7J3PH9PpobrXjmIR7kr0nde7+bHqxXiVNuuIf501oKU9rnEUSedipSHkLYGkmfsA==

"@tiptap/extension-gapcursor@^2.27.1":
  version "2.27.1"
  resolved "https://registry.yarnpkg.com/@tiptap/extension-gapcursor/-/extension-gapcursor-2.27.1.tgz#eb591586c8c9a4d7ac7947668209f35834a395d8"
  integrity sha512-A9e1jr+jGhDWzNSXtIO6PYVYhf5j/udjbZwMja+wCE/3KvZU9V3IrnGKz1xNW+2Q2BDOe1QO7j5uVL9ElR6nTA==

"@tiptap/extension-hard-break@^2.27.1":
  version "2.27.1"
  resolved "https://registry.yarnpkg.com/@tiptap/extension-hard-break/-/extension-hard-break-2.27.1.tgz#823337a3b04abfee7000eb9f3677cb8e80253868"
  integrity sha512-W4hHa4Io6QCTwpyTlN6UAvqMIQ7t56kIUByZhyY9EWrg/+JpbfpxE1kXFLPB4ZGgwBknFOw+e4bJ1j3oAbTJFw==

"@tiptap/extension-heading@^2.27.1":
  version "2.27.1"
  resolved "https://registry.yarnpkg.com/@tiptap/extension-heading/-/extension-heading-2.27.1.tgz#bb912f1ea0ae7b48856bd071d09a326a95e32f0b"
  integrity sha512-6xoC7igZlW1EmnQ5WVH9IL7P1nCQb3bBUaIDLvk7LbweEogcTUECI4Xg1vxMOVmj9tlDe1I4BsgfcKpB5KEsZw==

"@tiptap/extension-highlight@^2.10.3":
  version "2.27.1"
  resolved "https://registry.yarnpkg.com/@tiptap/extension-highlight/-/extension-highlight-2.27.1.tgz#50282546e21f502e62a4ef608f54ba1ea83938e3"
  integrity sha512-ntuYX09tvHQE/R/8WbTOxbFuQhRr2jhTkKz/gLwDD2o8IhccSy3f0nm+mVmVamKQnbsBBbLohojd5IGOnX9f1A==

"@tiptap/extension-history@^2.27.1":
  version "2.27.1"
  resolved "https://registry.yarnpkg.com/@tiptap/extension-history/-/extension-history-2.27.1.tgz#cbf6534648d0d7be441f170c34a915f9114cbe74"
  integrity sha512-K8PHC9gegSAt0wzSlsd4aUpoEyIJYOmVVeyniHr1P1mIblW1KYEDbRGbDlrLALTyUEfMcBhdIm8zrB9X2Nihvg==

"@tiptap/extension-horizontal-rule@^2.27.1":
  version "2.27.1"
  resolved "https://registry.yarnpkg.com/@tiptap/extension-horizontal-rule/-/extension-horizontal-rule-2.27.1.tgz#9c42939e62bde0bfb745baca329d61a6318eb794"
  integrity sha512-WxXWGEEsqDmGIF2o9av+3r9Qje4CKrqrpeQY6aRO5bxvWX9AabQCfasepayBok6uwtvNzh3Xpsn9zbbSk09dNA==

"@tiptap/extension-image@^2.10.3":
  version "2.27.1"
  resolved "https://registry.yarnpkg.com/@tiptap/extension-image/-/extension-image-2.27.1.tgz#d3aa9a6decf504608b7f4e071b944645085b06f3"
  integrity sha512-wu3vMKDYWJwKS6Hrw5PPCKBO2RxyHNeFLiA/uDErEV7axzNpievK/U9DyaDXmtK3K/h1XzJAJz19X+2d/pY68w==

"@tiptap/extension-italic@^2.27.1":
  version "2.27.1"
  resolved "https://registry.yarnpkg.com/@tiptap/extension-italic/-/extension-italic-2.27.1.tgz#a18694fbf2c9247a2e868f9786a786fd06ae338e"
  integrity sha512-rcm0GyniWW0UhcNI9+1eIK64GqWQLyIIrWGINslvqSUoBc+WkfocLvv4CMpRkzKlfsAxwVIBuH2eLxHKDtAREA==

"@tiptap/extension-link@^2.10.3":
  version "2.27.1"
  resolved "https://registry.yarnpkg.com/@tiptap/extension-link/-/extension-link-2.27.1.tgz#a57345a8a124a4fd4de1929c31ccf9b92d0a2619"
  integrity sha512-cCwWPZsnVh9MXnGOqSIRXPPuUixRDK8eMN2TvqwbxUBb1TU7b/HtNvfMU4tAOqAuMRJ0aJkFuf3eB0Gi8LVb1g==
  dependencies:
    linkifyjs "^4.3.2"

"@tiptap/extension-list-item@^2.27.1":
  version "2.27.1"
  resolved "https://registry.yarnpkg.com/@tiptap/extension-list-item/-/extension-list-item-2.27.1.tgz#59db919133413be2ba33718f52265cc1885d5db8"
  integrity sha512-dtsxvtzxfwOJP6dKGf0vb2MJAoDF2NxoiWzpq0XTvo7NGGYUHfuHjX07Zp0dYqb4seaDXjwsi5BIQUOp3+WMFQ==

"@tiptap/extension-ordered-list@^2.27.1":
  version "2.27.1"
  resolved "https://registry.yarnpkg.com/@tiptap/extension-ordered-list/-/extension-ordered-list-2.27.1.tgz#60a450773552450c8183dc0344c7c82bd4b76d9d"
  integrity sha512-U1/sWxc2TciozQsZjH35temyidYUjvroHj3PUPzPyh19w2fwKh1NSbFybWuoYs6jS3XnMSwnM2vF52tOwvfEmA==

"@tiptap/extension-paragraph@^2.27.1":
  version "2.27.1"
  resolved "https://registry.yarnpkg.com/@tiptap/extension-paragraph/-/extension-paragraph-2.27.1.tgz#e7b0428dfaacd114401768fde6ffcb4d95f78ab6"
  integrity sha512-R3QdrHcUdFAsdsn2UAIvhY0yWyHjqGyP/Rv8RRdN0OyFiTKtwTPqreKMHKJOflgX4sMJl/OpHTpNG1Kaf7Lo2A==

"@tiptap/extension-placeholder@^2.10.3":
  version "2.27.1"
  resolved "https://registry.yarnpkg.com/@tiptap/extension-placeholder/-/extension-placeholder-2.27.1.tgz#0edbcbc9b0e2b1464f03920831d41c79131263aa"
  integrity sha512-UbXaibHHFE+lOTlw/vs3jPzBoj1sAfbXuTAhXChjgYIcTTY5Cr6yxwcymLcimbQ79gf04Xkua2FCN3YsJxIFmw==

"@tiptap/extension-strike@^2.27.1":
  version "2.27.1"
  resolved "https://registry.yarnpkg.com/@tiptap/extension-strike/-/extension-strike-2.27.1.tgz#1a2d3db5a33820e2d986a6cf8bc248612bacc020"
  integrity sha512-S9I//K8KPgfFTC5I5lorClzXk0g4lrAv9y5qHzHO5EOWt7AFl0YTg2oN8NKSIBK4bHRnPIrjJJKv+dDFnUp5jQ==

"@tiptap/extension-subscript@^2.10.3":
  version "2.27.1"
  resolved "https://registry.yarnpkg.com/@tiptap/extension-subscript/-/extension-subscript-2.27.1.tgz#4c80cee9c11e53bd6db7b9167701b416873de931"
  integrity sha512-n2jTaYriewwz3ES1o6Wt/OwREvPwi97n+yEsJ7i31wiuxGTdCP31eAuppC6DvixEvDt3/rZMZcNp8Ah9crlbnw==

"@tiptap/extension-superscript@^2.10.3":
  version "2.27.1"
  resolved "https://registry.yarnpkg.com/@tiptap/extension-superscript/-/extension-superscript-2.27.1.tgz#817ca8938efd26e09ab9d486235b562fcca1b51a"
  integrity sha512-zTYOD7k3txm21rjeYHsf/VIpBe9IvVfNHSNayyY/JOgyQ/fW40cgX0gADNoT2ayAtRes4TvpcUYdgF9vC5bkJw==

"@tiptap/extension-table-cell@^2.10.3":
  version "2.27.1"
  resolved "https://registry.yarnpkg.com/@tiptap/extension-table-cell/-/extension-table-cell-2.27.1.tgz#9684f8e34a79b0de99fd981ec4847ac236099983"
  integrity sha512-VowNmz1kub2qfntWkU8jGA6DoCl9xjJBWSypuQIeiN/IRId3BMrJodT26pTNJ3ChDMtYaanWaUvYqckRxgTC2A==

"@tiptap/extension-table-header@^2.10.3":
  version "2.27.1"
  resolved "https://registry.yarnpkg.com/@tiptap/extension-table-header/-/extension-table-header-2.27.1.tgz#8bbad70a3fc8b04cbc6bd5ddac78090af27e4673"
  integrity sha512-lSbGB6kBp/sTVzAWl4v7v7ztL5XU3aTdlS7FhfGjpdsxd4zPKYG8kx+Uxgq25W9/BlCbnqHnO0poAMfOlspDQw==

"@tiptap/extension-table-row@^2.10.3":
  version "2.27.1"
  resolved "https://registry.yarnpkg.com/@tiptap/extension-table-row/-/extension-table-row-2.27.1.tgz#cc248d757f0976f3ecd0ccfc3a940f6663021231"
  integrity sha512-3xtlmZ6NWDi5a42gK0qQQTeBUpJ2j1o7qyXTFkhQaJAeIFEqsemgSRhgXZxbwSmQQZsPJ/86KWBNVkT0FaRFDw==

"@tiptap/extension-table@^2.10.3":
  version "2.27.1"
  resolved "https://registry.yarnpkg.com/@tiptap/extension-table/-/extension-table-2.27.1.tgz#3fdfad6aa243608aac94b04c32e9a23bb856e88c"
  integrity sha512-iOoOo0vYFzAogAZlw36DgmFfNM5vOkLqnApm81soO/YWpqtKAvBn+TMY4ss4OMDsOefUzBa6xqOJ0gJR5ZygjA==

"@tiptap/extension-task-item@^2.10.3":
  version "2.27.1"
  resolved "https://registry.yarnpkg.com/@tiptap/extension-task-item/-/extension-task-item-2.27.1.tgz#03555f12f1c2fb74163cadecd01b9b4dec9b0b6a"
  integrity sha512-vaEtdos+9jApD6yRfD6F/xShikiZFHi7I0nswAmGKT/kE1wmHCUxme8OFMe7642e2OK0lqgHsUaOLxP/0nZJ5A==

"@tiptap/extension-task-list@^2.10.3":
  version "2.27.1"
  resolved "https://registry.yarnpkg.com/@tiptap/extension-task-list/-/extension-task-list-2.27.1.tgz#b0a03de1b6a92b07df2ddb47e1d9af757dd0c250"
  integrity sha512-KRlYOZ6kdURvAspUrLVsC7mLkVW2DYhpj+7QxH7gVDZuAuoPUEmpJVcBVPq7GhPF9PccaRLru+n1Ege5VqvZ+Q==

"@tiptap/extension-text-align@^2.10.3":
  version "2.27.1"
  resolved "https://registry.yarnpkg.com/@tiptap/extension-text-align/-/extension-text-align-2.27.1.tgz#5363d2dff9e97bc41c616bcf5f0969e0efe130e5"
  integrity sha512-D7dLPk7y5mDn9ZNANQ4K2gCq4vy+Emm5AdeWOGzNeqJsYrBotiQYXd9rb1QYjdup2kzAoKduMTUXV92ujo5cEg==

"@tiptap/extension-text-style@^2.10.3", "@tiptap/extension-text-style@^2.27.1":
  version "2.27.1"
  resolved "https://registry.yarnpkg.com/@tiptap/extension-text-style/-/extension-text-style-2.27.1.tgz#11c0038905d644dc827fd5ff749936285b2dc6da"
  integrity sha512-NagQ9qLk0Ril83gfrk+C65SvTqPjL3WVnLF2arsEVnCrxcx3uDOvdJW67f/K5HEwEHsoqJ4Zq9Irco/koXrOXA==

"@tiptap/extension-text@^2.27.1":
  version "2.27.1"
  resolved "https://registry.yarnpkg.com/@tiptap/extension-text/-/extension-text-2.27.1.tgz#9b9b1efcf236104fbc2aa121430abb2eae3f1b76"
  integrity sha512-a4GCT+GZ9tUwl82F4CEum9/+WsuW0/De9Be/NqrMmi7eNfAwbUTbLCTFU0gEvv25WMHCoUzaeNk/qGmzeVPJ1Q==

"@tiptap/extension-typography@^2.10.3":
  version "2.27.1"
  resolved "https://registry.yarnpkg.com/@tiptap/extension-typography/-/extension-typography-2.27.1.tgz#446139add71a400325f50384b63e443c0a090bab"
  integrity sha512-jAZU5IuWH9CtZlolQ1gRhV+bT75s19SXjadQwkk18gMMiapcaIVVTxUDWY6ycv9ge4cjRoaP3lqBviW3cGqhOA==

"@tiptap/extension-underline@^2.10.3":
  version "2.27.1"
  resolved "https://registry.yarnpkg.com/@tiptap/extension-underline/-/extension-underline-2.27.1.tgz#86740ce1df393ff553bd7d83c46133c2ebaf7f7b"
  integrity sha512-fPTmfJFAQWg1O/os1pYSPVdtvly6eW/w5sDofG7pre+bdQUN+8s1cZYelSuj/ltNVioRaB2Ws7tvNgnHL0aAJQ==

"@tiptap/pm@^2.10.3", "@tiptap/pm@^2.27.1":
  version "2.27.1"
  resolved "https://registry.yarnpkg.com/@tiptap/pm/-/pm-2.27.1.tgz#d643627d03a74a2c10d21695ee509d9db8e6bd2f"
  integrity sha512-ijKo3+kIjALthYsnBmkRXAuw2Tswd9gd7BUR5OMfIcjGp8v576vKxOxrRfuYiUM78GPt//P0sVc1WV82H5N0PQ==
  dependencies:
    prosemirror-changeset "^2.3.0"
    prosemirror-collab "^1.3.1"
    prosemirror-commands "^1.6.2"
    prosemirror-dropcursor "^1.8.1"
    prosemirror-gapcursor "^1.3.2"
    prosemirror-history "^1.4.1"
    prosemirror-inputrules "^1.4.0"
    prosemirror-keymap "^1.2.2"
    prosemirror-markdown "^1.13.1"
    prosemirror-menu "^1.2.4"
    prosemirror-model "^1.23.0"
    prosemirror-schema-basic "^1.2.3"
    prosemirror-schema-list "^1.4.1"
    prosemirror-state "^1.4.3"
    prosemirror-tables "^1.6.4"
    prosemirror-trailing-node "^3.0.0"
    prosemirror-transform "^1.10.2"
    prosemirror-view "^1.37.0"

"@tiptap/starter-kit@^2.10.3":
  version "2.27.1"
  resolved "https://registry.yarnpkg.com/@tiptap/starter-kit/-/starter-kit-2.27.1.tgz#a947c8cbf33c391809b9a8736f97e95a092014fc"
  integrity sha512-uQQlP0Nmn9eq19qm8YoOeloEfmcGbPpB1cujq54Q6nPgxaBozR7rE7tXbFTinxRW2+Hr7XyNWhpjB7DMNkdU2Q==
  dependencies:
    "@tiptap/core" "^2.27.1"
    "@tiptap/extension-blockquote" "^2.27.1"
    "@tiptap/extension-bold" "^2.27.1"
    "@tiptap/extension-bullet-list" "^2.27.1"
    "@tiptap/extension-code" "^2.27.1"
    "@tiptap/extension-code-block" "^2.27.1"
    "@tiptap/extension-document" "^2.27.1"
    "@tiptap/extension-dropcursor" "^2.27.1"
    "@tiptap/extension-gapcursor" "^2.27.1"
    "@tiptap/extension-hard-break" "^2.27.1"
    "@tiptap/extension-heading" "^2.27.1"
    "@tiptap/extension-history" "^2.27.1"
    "@tiptap/extension-horizontal-rule" "^2.27.1"
    "@tiptap/extension-italic" "^2.27.1"
    "@tiptap/extension-list-item" "^2.27.1"
    "@tiptap/extension-ordered-list" "^2.27.1"
    "@tiptap/extension-paragraph" "^2.27.1"
    "@tiptap/extension-strike" "^2.27.1"
    "@tiptap/extension-text" "^2.27.1"
    "@tiptap/extension-text-style" "^2.27.1"
    "@tiptap/pm" "^2.27.1"

"@types/hast@^2.0.0":
  version "2.3.4"
  resolved "https://registry.npmjs.org/@types/hast/-/hast-2.3.4.tgz"
  integrity sha512-wLEm0QvaoawEDoTRwzTXp4b4jpwiJDvR5KMnFnVodm3scufTlBOWRD6N1OBf9TZMhjlNsSfcO5V+7AF4+Vy+9g==
  dependencies:
    "@types/unist" "*"

"@types/linkify-it@^5":
  version "5.0.0"
  resolved "https://registry.yarnpkg.com/@types/linkify-it/-/linkify-it-5.0.0.tgz#21413001973106cda1c3a9b91eedd4ccd5469d76"
  integrity sha512-sVDA58zAw4eWAffKOaQH5/5j3XeayukzDk+ewSsnv3p4yJEZHCCzMDiZM8e0OUrRvmpGZ85jf4yDHkHsgBNr9Q==

"@types/markdown-it@^14.0.0":
  version "14.1.2"
  resolved "https://registry.yarnpkg.com/@types/markdown-it/-/markdown-it-14.1.2.tgz#57f2532a0800067d9b934f3521429a2e8bfb4c61"
  integrity sha512-promo4eFwuiW+TfGxhi+0x3czqTYJkG8qB17ZUJiVF10Xm7NLVRSLUsfRTU/6h1e24VvRnXCx+hG7li58lkzog==
  dependencies:
    "@types/linkify-it" "^5"
    "@types/mdurl" "^2"

"@types/mdurl@^2":
  version "2.0.0"
  resolved "https://registry.yarnpkg.com/@types/mdurl/-/mdurl-2.0.0.tgz#d43878b5b20222682163ae6f897b20447233bdfd"
  integrity sha512-RGdgjQUZba5p6QEFAVx2OGb8rQDL/cPRG7GiedRzMcJ1tYnUANBncjbSB1NRGwbvjcPeikRABz2nshyPk1bhWg==

"@types/unist@*":
  version "2.0.6"
  resolved "https://registry.npmjs.org/@types/unist/-/unist-2.0.6.tgz"
  integrity sha512-PBjIUxZHOuj0R15/xuwJYjFi+KZdNFrehocChv4g5hu6aFroHue8m0lBP0POdK2nKzbw0cgV1mws8+V/JAcEkQ==

ace-builds@^1.36.2:
  version "1.36.2"
  resolved "https://registry.npmjs.org/ace-builds/-/ace-builds-1.36.2.tgz"
  integrity sha512-eqqfbGwx/GKjM/EnFu4QtQ+d2NNBu84MGgxoG8R5iyFpcVeQ4p9YlTL+ZzdEJqhdkASqoqOxCSNNGyB6lvMm+A==

argparse@^2.0.1:
  version "2.0.1"
  resolved "https://registry.npmjs.org/argparse/-/argparse-2.0.1.tgz"
  integrity sha512-8+9WqebbFzpX9OR+Wa6O29asIogeRMzcGtAINdpMHHyAg10f05aSFVBbcEqGf/PXw1EjAZ+q2/bEBg3DvurK3Q==

buffer-from@^1.0.0:
  version "1.1.2"
  resolved "https://registry.npmjs.org/buffer-from/-/buffer-from-1.1.2.tgz"
  integrity sha512-E+XQCRwSbaaiChtv6k6Dwgc+bx+Bs6vuKJHHl5kox/BaKbhiXzqQOwK4cO22yElGp2OCmjwVhT3HmxgyPGnJfQ==

concat-stream@^1.4.7:
  version "1.6.2"
  resolved "https://registry.npmjs.org/concat-stream/-/concat-stream-1.6.2.tgz"
  integrity sha512-27HBghJxjiZtIk3Ycvn/4kbJk/1uZuJFfuPEns6LaEvpvG1f0hTea8lilrouyo9mVc2GWdcEZ8OLoGmSADlrCw==
  dependencies:
    buffer-from "^1.0.0"
    inherits "^2.0.3"
    readable-stream "^2.2.2"
    typedarray "^0.0.6"

core-util-is@~1.0.0:
  version "1.0.3"
  resolved "https://registry.npmjs.org/core-util-is/-/core-util-is-1.0.3.tgz"
  integrity sha512-ZQBvi1DcpJ4GDqanjucZ2Hj3wEO5pZDS89BWbkcrvdxksJorwUDDZamX9ldFkp9aw2lmBDLgkObEA4DWNJ9FYQ==

crelt@^1.0.0:
  version "1.0.5"
  resolved "https://registry.npmjs.org/crelt/-/crelt-1.0.5.tgz"
  integrity sha512-+BO9wPPi+DWTDcNYhr/W90myha8ptzftZT+LwcmUbbok0rcP/fequmFYCw8NMoH7pkAZQzU78b3kYrlua5a9eA==

cross-spawn@^5.0.1:
  version "5.1.0"
  resolved "https://registry.npmjs.org/cross-spawn/-/cross-spawn-5.1.0.tgz"
  integrity sha512-pTgQJ5KC0d2hcY8eyL1IzlBPYjTkyH72XRZPnLyKus2mBfNjQs3klqbJU2VILqZryAZUt9JOb3h/mWMy23/f5A==
  dependencies:
    lru-cache "^4.0.1"
    shebang-command "^1.2.0"
    which "^1.2.9"

entities@^4.4.0:
  version "4.5.0"
  resolved "https://registry.yarnpkg.com/entities/-/entities-4.5.0.tgz#5d268ea5e7113ec74c4d033b79ea5a35a488fb48"
  integrity sha512-V0hjH4dGPh9Ao5p0MoRY6BVqtwCjhz6vI5LT8AJ55H+4g9/4vbHx1I54fS0XuclLhDHArPQCiMjDxjaL8fPxhw==

escape-string-regexp@^4.0.0:
  version "4.0.0"
  resolved "https://registry.npmjs.org/escape-string-regexp/-/escape-string-regexp-4.0.0.tgz"
  integrity sha512-TtpcNJ3XAzx3Gq8sWRzJaVajRs0uVxA2YAkdb1jm2YkPz4G6egUFAyA3n5vtEIZefPk5Wa4UXbKuS5fKkJWdgA==

fault@^2.0.0:
  version "2.0.1"
  resolved "https://registry.npmjs.org/fault/-/fault-2.0.1.tgz"
  integrity sha512-WtySTkS4OKev5JtpHXnib4Gxiurzh5NCGvWrFaZ34m6JehfTUhKZvn9njTfw48t6JumVQOmrKqpmGcdwxnhqBQ==
  dependencies:
    format "^0.2.0"

format@^0.2.0:
  version "0.2.2"
  resolved "https://registry.npmjs.org/format/-/format-0.2.2.tgz"
  integrity sha512-wzsgA6WOq+09wrU1tsJ09udeR/YZRaeArL9e1wPbFg3GG2yDnC2ldKpxs4xunpFF9DgqCqOIra3bc1HWrJ37Ww==

highlight.js@~11.7.0:
  version "11.7.0"
  resolved "https://registry.npmjs.org/highlight.js/-/highlight.js-11.7.0.tgz"
  integrity sha512-1rRqesRFhMO/PRF+G86evnyJkCgaZFOI+Z6kdj15TA18funfoqJXvgPCLSf0SWq3SRfg1j3HlDs8o4s3EGq1oQ==

htmldiff-js@^1.0.5:
  version "1.0.5"
  resolved "https://registry.npmjs.org/htmldiff-js/-/htmldiff-js-1.0.5.tgz"
  integrity sha512-rmow9353OK0elkub15Sbze8Nj7BYfduqoJJw4yEvHHjOcHeCazNPk0PoUbjE8SvxKgjymeRIFU/OnS8jtitRtA==

inherits@^2.0.3, inherits@~2.0.3:
  version "2.0.4"
  resolved "https://registry.npmjs.org/inherits/-/inherits-2.0.4.tgz"
  integrity sha512-k/vGaX4/Yla3WzyMCvTQOXYeIHvqOKtnqBduzTHpzpQZzAskKMhZ2K+EnBiSM9zGSoIFeMpXKxa4dYeZIQqewQ==

isarray@~1.0.0:
  version "1.0.0"
  resolved "https://registry.npmjs.org/isarray/-/isarray-1.0.0.tgz"
  integrity sha512-VLghIWNM6ELQzo7zwmcg0NmTVyWKYjvIeM83yjp0wRDTmUnrM678fQbcKBo6n2CJEF0szoG//ytg+TKla89ALQ==

isexe@^2.0.0:
  version "2.0.0"
  resolved "https://registry.npmjs.org/isexe/-/isexe-2.0.0.tgz"
  integrity sha512-RHxMLp9lnKHGHRng9QFhRCMbYAcVpn69smSGcq3f36xjgVVWThj4qqLbTLlq7Ssj8B+fIQ1EuCEGI2lKsyQeIw==

js-yaml@^4.1.0:
  version "4.1.0"
  resolved "https://registry.yarnpkg.com/js-yaml/-/js-yaml-4.1.0.tgz#c1fb65f8f5017901cdd2c951864ba18458a10602"
  integrity sha512-wpxZs9NoxZaJESJGIZTyDEaYpl0FKSA+FB9aJiyemKhMwkxQg63h4T1KJgUGHpTqPDNRcmmYLugrRjJlBtWvRA==
  dependencies:
    argparse "^2.0.1"

linkify-it@^5.0.0:
  version "5.0.0"
  resolved "https://registry.yarnpkg.com/linkify-it/-/linkify-it-5.0.0.tgz#9ef238bfa6dc70bd8e7f9572b52d369af569b421"
  integrity sha512-5aHCbzQRADcdP+ATqnDuhhJ/MRIqDkZX5pyjFHRRysS8vZ5AbqGEoFIb6pYHPZ+L/OC2Lc+xT8uHVVR5CAK/wQ==
  dependencies:
    uc.micro "^2.0.0"

linkifyjs@^4.3.2:
  version "4.3.2"
  resolved "https://registry.yarnpkg.com/linkifyjs/-/linkifyjs-4.3.2.tgz#d97eb45419aabf97ceb4b05a7adeb7b8c8ade2b1"
  integrity sha512-NT1CJtq3hHIreOianA8aSXn6Cw0JzYOuDQbOrSPe7gqFnCpKP++MQe3ODgO3oh2GJFORkAAdqredOa60z63GbA==

lowlight@^2.8.1:
  version "2.8.1"
  resolved "https://registry.npmjs.org/lowlight/-/lowlight-2.8.1.tgz"
  integrity sha512-HCaGL61RKc1MYzEYn3rFoGkK0yslzCVDFJEanR19rc2L0mb8i58XM55jSRbzp9jcQrFzschPlwooC0vuNitk8Q==
  dependencies:
    "@types/hast" "^2.0.0"
    fault "^2.0.0"
    highlight.js "~11.7.0"

lru-cache@^4.0.1:
  version "4.1.5"
  resolved "https://registry.npmjs.org/lru-cache/-/lru-cache-4.1.5.tgz"
  integrity sha512-sWZlbEP2OsHNkXrMl5GYk/jKk70MBng6UU4YI/qGDYbgf6YbP4EvmqISbXCoJiRKs+1bSpFHVgQxvJ17F2li5g==
  dependencies:
    pseudomap "^1.0.2"
    yallist "^2.1.2"

markdown-it@^14.0.0:
  version "14.1.0"
  resolved "https://registry.yarnpkg.com/markdown-it/-/markdown-it-14.1.0.tgz#3c3c5992883c633db4714ccb4d7b5935d98b7d45"
  integrity sha512-a54IwgWPaeBCAAsv13YgmALOF1elABB08FxO9i+r4VFk5Vl4pKokRPeX8u5TCgSsPi6ec1otfLjdOpVcgbpshg==
  dependencies:
    argparse "^2.0.1"
    entities "^4.4.0"
    linkify-it "^5.0.0"
    mdurl "^2.0.0"
    punycode.js "^2.3.1"
    uc.micro "^2.1.0"

mdurl@^2.0.0:
  version "2.0.0"
  resolved "https://registry.yarnpkg.com/mdurl/-/mdurl-2.0.0.tgz#80676ec0433025dd3e17ee983d0fe8de5a2237e0"
  integrity sha512-Lf+9+2r+Tdp5wXDXC4PcIBjTDtq4UKjCPMQhKIuzpJNW0b96kVqSwW0bT7FhRSfmAiFYgP+SCRvdrDozfh0U5w==

orderedmap@^2.0.0:
  version "2.1.0"
  resolved "https://registry.npmjs.org/orderedmap/-/orderedmap-2.1.0.tgz"
  integrity sha512-/pIFexOm6S70EPdznemIz3BQZoJ4VTFrhqzu0ACBqBgeLsLxq8e6Jim63ImIfwW/zAD1AlXpRMlOv3aghmo4dA==

os-shim@^0.1.2:
  version "0.1.3"
  resolved "https://registry.npmjs.org/os-shim/-/os-shim-0.1.3.tgz"
  integrity sha512-jd0cvB8qQ5uVt0lvCIexBaROw1KyKm5sbulg2fWOHjETisuCzWyt+eTZKEMs8v6HwzoGs8xik26jg7eCM6pS+A==

pre-commit@^1.2.2:
  version "1.2.2"
  resolved "https://registry.npmjs.org/pre-commit/-/pre-commit-1.2.2.tgz"
  integrity sha512-qokTiqxD6GjODy5ETAIgzsRgnBWWQHQH2ghy86PU7mIn/wuWeTwF3otyNQZxWBwVn8XNr8Tdzj/QfUXpH+gRZA==
  dependencies:
    cross-spawn "^5.0.1"
    spawn-sync "^1.0.15"
    which "1.2.x"

process-nextick-args@~2.0.0:
  version "2.0.1"
  resolved "https://registry.npmjs.org/process-nextick-args/-/process-nextick-args-2.0.1.tgz"
  integrity sha512-3ouUOpQhtgrbOa17J7+uxOTpITYWaGP7/AhoR3+A+/1e9skrzelGi/dXzEYyvbxubEF6Wn2ypscTKiKJFFn1ag==

prosemirror-changeset@^2.3.0:
  version "2.3.1"
  resolved "https://registry.yarnpkg.com/prosemirror-changeset/-/prosemirror-changeset-2.3.1.tgz#eee3299cfabc7a027694e9abdc4e85505e9dd5e7"
  integrity sha512-j0kORIBm8ayJNl3zQvD1TTPHJX3g042et6y/KQhZhnPrruO8exkTgG8X+NRpj7kIyMMEx74Xb3DyMIBtO0IKkQ==
  dependencies:
    prosemirror-transform "^1.0.0"

prosemirror-collab@^1.3.1:
  version "1.3.1"
  resolved "https://registry.yarnpkg.com/prosemirror-collab/-/prosemirror-collab-1.3.1.tgz#0e8c91e76e009b53457eb3b3051fb68dad029a33"
  integrity sha512-4SnynYR9TTYaQVXd/ieUvsVV4PDMBzrq2xPUWutHivDuOshZXqQ5rGbZM84HEaXKbLdItse7weMGOUdDVcLKEQ==
  dependencies:
    prosemirror-state "^1.0.0"

prosemirror-commands@^1.0.0:
  version "1.5.1"
  resolved "https://registry.npmjs.org/prosemirror-commands/-/prosemirror-commands-1.5.1.tgz"
  integrity sha512-ga1ga/RkbzxfAvb6iEXYmrEpekn5NCwTb8w1dr/gmhSoaGcQ0VPuCzOn5qDEpC45ql2oDkKoKQbRxLJwKLpMTQ==
  dependencies:
    prosemirror-model "^1.0.0"
    prosemirror-state "^1.0.0"
    prosemirror-transform "^1.0.0"

prosemirror-commands@^1.6.2:
  version "1.7.1"
  resolved "https://registry.yarnpkg.com/prosemirror-commands/-/prosemirror-commands-1.7.1.tgz#d101fef85618b1be53d5b99ea17bee5600781b38"
  integrity sha512-rT7qZnQtx5c0/y/KlYaGvtG411S97UaL6gdp6RIZ23DLHanMYLyfGBV5DtSnZdthQql7W+lEVbpSfwtO8T+L2w==
  dependencies:
    prosemirror-model "^1.0.0"
    prosemirror-state "^1.0.0"
    prosemirror-transform "^1.10.2"

prosemirror-dropcursor@^1.8.1:
  version "1.8.2"
  resolved "https://registry.yarnpkg.com/prosemirror-dropcursor/-/prosemirror-dropcursor-1.8.2.tgz#2ed30c4796109ddeb1cf7282372b3850528b7228"
  integrity sha512-CCk6Gyx9+Tt2sbYk5NK0nB1ukHi2ryaRgadV/LvyNuO3ena1payM2z6Cg0vO1ebK8cxbzo41ku2DE5Axj1Zuiw==
  dependencies:
    prosemirror-state "^1.0.0"
    prosemirror-transform "^1.1.0"
    prosemirror-view "^1.1.0"

prosemirror-gapcursor@^1.3.2:
  version "1.4.0"
  resolved "https://registry.yarnpkg.com/prosemirror-gapcursor/-/prosemirror-gapcursor-1.4.0.tgz#e1144a83b79db7ed0ec32cd0e915a0364220af43"
  integrity sha512-z00qvurSdCEWUIulij/isHaqu4uLS8r/Fi61IbjdIPJEonQgggbJsLnstW7Lgdk4zQ68/yr6B6bf7sJXowIgdQ==
  dependencies:
    prosemirror-keymap "^1.0.0"
    prosemirror-model "^1.0.0"
    prosemirror-state "^1.0.0"
    prosemirror-view "^1.0.0"

prosemirror-history@^1.0.0:
  version "1.3.0"
  resolved "https://registry.npmjs.org/prosemirror-history/-/prosemirror-history-1.3.0.tgz"
  integrity sha512-qo/9Wn4B/Bq89/YD+eNWFbAytu6dmIM85EhID+fz9Jcl9+DfGEo8TTSrRhP15+fFEoaPqpHSxlvSzSEbmlxlUA==
  dependencies:
    prosemirror-state "^1.2.2"
    prosemirror-transform "^1.0.0"
    rope-sequence "^1.3.0"

prosemirror-history@^1.4.1:
  version "1.4.1"
  resolved "https://registry.yarnpkg.com/prosemirror-history/-/prosemirror-history-1.4.1.tgz#cc370a46fb629e83a33946a0e12612e934ab8b98"
  integrity sha512-2JZD8z2JviJrboD9cPuX/Sv/1ChFng+xh2tChQ2X4bB2HeK+rra/bmJ3xGntCcjhOqIzSDG6Id7e8RJ9QPXLEQ==
  dependencies:
    prosemirror-state "^1.2.2"
    prosemirror-transform "^1.0.0"
    prosemirror-view "^1.31.0"
    rope-sequence "^1.3.0"

prosemirror-inputrules@^1.4.0:
  version "1.5.1"
  resolved "https://registry.yarnpkg.com/prosemirror-inputrules/-/prosemirror-inputrules-1.5.1.tgz#d2e935f6086e3801486b09222638f61dae89a570"
  integrity sha512-7wj4uMjKaXWAQ1CDgxNzNtR9AlsuwzHfdFH1ygEHA2KHF2DOEaXl1CJfNPAKCg9qNEh4rum975QLaCiQPyY6Fw==
  dependencies:
    prosemirror-state "^1.0.0"
    prosemirror-transform "^1.0.0"

prosemirror-keymap@^1.0.0:
  version "1.2.1"
  resolved "https://registry.npmjs.org/prosemirror-keymap/-/prosemirror-keymap-1.2.1.tgz"
  integrity sha512-kVK6WGC+83LZwuSJnuCb9PsADQnFZllt94qPP3Rx/vLcOUV65+IbBeH2nS5cFggPyEVJhGkGrgYFRrG250WhHQ==
  dependencies:
    prosemirror-state "^1.0.0"
    w3c-keyname "^2.2.0"

prosemirror-keymap@^1.2.2:
  version "1.2.3"
  resolved "https://registry.yarnpkg.com/prosemirror-keymap/-/prosemirror-keymap-1.2.3.tgz#c0f6ab95f75c0b82c97e44eb6aaf29cbfc150472"
  integrity sha512-4HucRlpiLd1IPQQXNqeo81BGtkY8Ai5smHhKW9jjPKRc2wQIxksg7Hl1tTI2IfT2B/LgX6bfYvXxEpJl7aKYKw==
  dependencies:
    prosemirror-state "^1.0.0"
    w3c-keyname "^2.2.0"

prosemirror-markdown@^1.13.1:
  version "1.13.2"
  resolved "https://registry.yarnpkg.com/prosemirror-markdown/-/prosemirror-markdown-1.13.2.tgz#863eb3fd5f57a444e4378174622b562735b1c503"
  integrity sha512-FPD9rHPdA9fqzNmIIDhhnYQ6WgNoSWX9StUZ8LEKapaXU9i6XgykaHKhp6XMyXlOWetmaFgGDS/nu/w9/vUc5g==
  dependencies:
    "@types/markdown-it" "^14.0.0"
    markdown-it "^14.0.0"
    prosemirror-model "^1.25.0"

prosemirror-menu@^1.2.4:
  version "1.2.5"
  resolved "https://registry.yarnpkg.com/prosemirror-menu/-/prosemirror-menu-1.2.5.tgz#dea00e7b623cea89f4d76963bee22d2ac2343250"
  integrity sha512-qwXzynnpBIeg1D7BAtjOusR+81xCp53j7iWu/IargiRZqRjGIlQuu1f3jFi+ehrHhWMLoyOQTSRx/IWZJqOYtQ==
  dependencies:
    crelt "^1.0.0"
    prosemirror-commands "^1.0.0"
    prosemirror-history "^1.0.0"
    prosemirror-state "^1.0.0"

prosemirror-model@1.24.0, prosemirror-model@^1.0.0, prosemirror-model@^1.20.0, prosemirror-model@^1.21.0, prosemirror-model@^1.23.0, prosemirror-model@^1.25.0:
  version "1.24.0"
  resolved "https://registry.yarnpkg.com/prosemirror-model/-/prosemirror-model-1.24.0.tgz#01fd4fdfd32b196d2a073066b25c232bcf946aa4"
  integrity sha512-Ft7epNnycoQSM+2ObF35SBbBX+5WY39v8amVlrtlAcpglhlHs2tCTnWl7RX5tbp/PsMKcRcWV9cXPuoBWq0AIQ==
  dependencies:
    orderedmap "^2.0.0"

prosemirror-schema-basic@^1.2.3:
  version "1.2.4"
  resolved "https://registry.yarnpkg.com/prosemirror-schema-basic/-/prosemirror-schema-basic-1.2.4.tgz#389ce1ec09b8a30ea9bbb92c58569cb690c2d695"
  integrity sha512-ELxP4TlX3yr2v5rM7Sb70SqStq5NvI15c0j9j/gjsrO5vaw+fnnpovCLEGIcpeGfifkuqJwl4fon6b+KdrODYQ==
  dependencies:
    prosemirror-model "^1.25.0"

prosemirror-schema-list@^1.4.1:
  version "1.5.1"
  resolved "https://registry.yarnpkg.com/prosemirror-schema-list/-/prosemirror-schema-list-1.5.1.tgz#5869c8f749e8745c394548bb11820b0feb1e32f5"
  integrity sha512-927lFx/uwyQaGwJxLWCZRkjXG0p48KpMj6ueoYiu4JX05GGuGcgzAy62dfiV8eFZftgyBUvLx76RsMe20fJl+Q==
  dependencies:
    prosemirror-model "^1.0.0"
    prosemirror-state "^1.0.0"
    prosemirror-transform "^1.7.3"

prosemirror-state@1.4.4, prosemirror-state@^1.0.0, prosemirror-state@^1.2.2, prosemirror-state@^1.4.3:
  version "1.4.4"
  resolved "https://registry.yarnpkg.com/prosemirror-state/-/prosemirror-state-1.4.4.tgz#72b5e926f9e92dcee12b62a05fcc8a2de3bf5b39"
  integrity sha512-6jiYHH2CIGbCfnxdHbXZ12gySFY/fz/ulZE333G6bPqIZ4F+TXo9ifiR86nAHpWnfoNjOb3o5ESi7J8Uz1jXHw==
  dependencies:
    prosemirror-model "^1.0.0"
    prosemirror-transform "^1.0.0"
    prosemirror-view "^1.27.0"

prosemirror-tables@^1.6.4:
  version "1.8.1"
  resolved "https://registry.yarnpkg.com/prosemirror-tables/-/prosemirror-tables-1.8.1.tgz#896a234e3e18240b629b747a871369dae78c8a9a"
  integrity sha512-DAgDoUYHCcc6tOGpLVPSU1k84kCUWTWnfWX3UDy2Delv4ryH0KqTD6RBI6k4yi9j9I8gl3j8MkPpRD/vWPZbug==
  dependencies:
    prosemirror-keymap "^1.2.2"
    prosemirror-model "^1.25.0"
    prosemirror-state "^1.4.3"
    prosemirror-transform "^1.10.3"
    prosemirror-view "^1.39.1"

prosemirror-trailing-node@^3.0.0:
  version "3.0.0"
  resolved "https://registry.yarnpkg.com/prosemirror-trailing-node/-/prosemirror-trailing-node-3.0.0.tgz#5bc223d4fc1e8d9145e4079ec77a932b54e19e04"
  integrity sha512-xiun5/3q0w5eRnGYfNlW1uU9W6x5MoFKWwq/0TIRgt09lv7Hcser2QYV8t4muXbEr+Fwo0geYn79Xs4GKywrRQ==
  dependencies:
    "@remirror/core-constants" "3.0.0"
    escape-string-regexp "^4.0.0"

prosemirror-transform@1.10.2, prosemirror-transform@^1.0.0, prosemirror-transform@^1.1.0, prosemirror-transform@^1.10.2, prosemirror-transform@^1.10.3, prosemirror-transform@^1.7.3:
  version "1.10.2"
  resolved "https://registry.yarnpkg.com/prosemirror-transform/-/prosemirror-transform-1.10.2.tgz#8ebac4e305b586cd96595aa028118c9191bbf052"
  integrity sha512-2iUq0wv2iRoJO/zj5mv8uDUriOHWzXRnOTVgCzSXnktS/2iQRa3UUQwVlkBlYZFtygw6Nh1+X4mGqoYBINn5KQ==
  dependencies:
    prosemirror-model "^1.21.0"

prosemirror-view@1.41.3, prosemirror-view@^1.0.0, prosemirror-view@^1.1.0, prosemirror-view@^1.27.0, prosemirror-view@^1.31.0, prosemirror-view@^1.37.0, prosemirror-view@^1.39.1:
  version "1.41.3"
  resolved "https://registry.yarnpkg.com/prosemirror-view/-/prosemirror-view-1.41.3.tgz#753a37ebe172a3e313ad2c3d85496f9ed1b2c256"
  integrity sha512-SqMiYMUQNNBP9kfPhLO8WXEk/fon47vc52FQsUiJzTBuyjKgEcoAwMyF04eQ4WZ2ArMn7+ReypYL60aKngbACQ==
  dependencies:
    prosemirror-model "^1.20.0"
    prosemirror-state "^1.0.0"
    prosemirror-transform "^1.1.0"

pseudomap@^1.0.2:
  version "1.0.2"
  resolved "https://registry.npmjs.org/pseudomap/-/pseudomap-1.0.2.tgz"
  integrity sha512-b/YwNhb8lk1Zz2+bXXpS/LK9OisiZZ1SNsSLxN1x2OXVEhW2Ckr/7mWE5vrC1ZTiJlD9g19jWszTmJsB+oEpFQ==

punycode.js@^2.3.1:
  version "2.3.1"
  resolved "https://registry.yarnpkg.com/punycode.js/-/punycode.js-2.3.1.tgz#6b53e56ad75588234e79f4affa90972c7dd8cdb7"
  integrity sha512-uxFIHU0YlHYhDQtV4R9J6a52SLx28BCjT+4ieh7IGbgwVJWO+km431c4yRlREUAsAmt/uMjQUyQHNEPf0M39CA==

readable-stream@^2.2.2:
  version "2.3.8"
  resolved "https://registry.npmjs.org/readable-stream/-/readable-stream-2.3.8.tgz"
  integrity sha512-8p0AUk4XODgIewSi0l8Epjs+EVnWiK7NoDIEGU0HhE7+ZyY8D1IMY7odu5lRrFXGg71L15KG8QrPmum45RTtdA==
  dependencies:
    core-util-is "~1.0.0"
    inherits "~2.0.3"
    isarray "~1.0.0"
    process-nextick-args "~2.0.0"
    safe-buffer "~5.1.1"
    string_decoder "~1.1.1"
    util-deprecate "~1.0.1"

rope-sequence@^1.3.0:
  version "1.3.3"
  resolved "https://registry.npmjs.org/rope-sequence/-/rope-sequence-1.3.3.tgz"
  integrity sha512-85aZYCxweiD5J8yTEbw+E6A27zSnLPNDL0WfPdw3YYodq7WjnTKo0q4dtyQ2gz23iPT8Q9CUyJtAaUNcTxRf5Q==

safe-buffer@~5.1.0, safe-buffer@~5.1.1:
  version "5.1.2"
  resolved "https://registry.npmjs.org/safe-buffer/-/safe-buffer-5.1.2.tgz"
  integrity sha512-Gd2UZBJDkXlY7GbJxfsE8/nvKkUEU1G38c1siN6QP6a9PT9MmHB8GnpscSmMJSoF8LOIrt8ud/wPtojys4G6+g==

shebang-command@^1.2.0:
  version "1.2.0"
  resolved "https://registry.npmjs.org/shebang-command/-/shebang-command-1.2.0.tgz"
  integrity sha512-EV3L1+UQWGor21OmnvojK36mhg+TyIKDh3iFBKBohr5xeXIhNBcx8oWdgkTEEQ+BEFFYdLRuqMfd5L84N1V5Vg==
  dependencies:
    shebang-regex "^1.0.0"

shebang-regex@^1.0.0:
  version "1.0.0"
  resolved "https://registry.npmjs.org/shebang-regex/-/shebang-regex-1.0.0.tgz"
  integrity sha512-wpoSFAxys6b2a2wHZ1XpDSgD7N9iVjg29Ph9uV/uaP9Ex/KXlkTZTeddxDPSYQpgvzKLGJke2UU0AzoGCjNIvQ==

spawn-sync@^1.0.15:
  version "1.0.15"
  resolved "https://registry.npmjs.org/spawn-sync/-/spawn-sync-1.0.15.tgz"
  integrity sha512-9DWBgrgYZzNghseho0JOuh+5fg9u6QWhAWa51QC7+U5rCheZ/j1DrEZnyE0RBBRqZ9uEXGPgSSM0nky6burpVw==
  dependencies:
    concat-stream "^1.4.7"
    os-shim "^0.1.2"

string_decoder@~1.1.1:
  version "1.1.1"
  resolved "https://registry.npmjs.org/string_decoder/-/string_decoder-1.1.1.tgz"
  integrity sha512-n/ShnvDi6FHbbVfviro+WojiFzv+s8MPMHBczVePfUpDJLwoLT0ht1l4YwBCbi8pJAveEEdnkHyPyTP/mzRfwg==
  dependencies:
    safe-buffer "~5.1.0"

turndown@^7.2.0:
  version "7.2.2"
  resolved "https://registry.yarnpkg.com/turndown/-/turndown-7.2.2.tgz#9557642b54046c5912b3d433f34dd588de455a43"
  integrity sha512-1F7db8BiExOKxjSMU2b7if62D/XOyQyZbPKq/nUwopfgnHlqXHqQ0lvfUTeUIr1lZJzOPFn43dODyMSIfvWRKQ==
  dependencies:
    "@mixmark-io/domino" "^2.2.0"

typedarray@^0.0.6:
  version "0.0.6"
  resolved "https://registry.npmjs.org/typedarray/-/typedarray-0.0.6.tgz"
  integrity sha512-/aCDEGatGvZ2BIk+HmLf4ifCJFwvKFNb9/JeZPMulfgFracn9QFcAf5GO8B/mweUjSoblS5In0cWhqpfs/5PQA==

uc.micro@^2.0.0, uc.micro@^2.1.0:
  version "2.1.0"
  resolved "https://registry.yarnpkg.com/uc.micro/-/uc.micro-2.1.0.tgz#f8d3f7d0ec4c3dea35a7e3c8efa4cb8b45c9e7ee"
  integrity sha512-ARDJmphmdvUk6Glw7y9DQ2bFkKBHwQHLi2lsaH6PPmz/Ka9sFOBsBluozhDltWmnv9u/cF6Rt87znRTPV+yp/A==

util-deprecate@~1.0.1:
  version "1.0.2"
  resolved "https://registry.npmjs.org/util-deprecate/-/util-deprecate-1.0.2.tgz"
  integrity sha512-EPD5q1uXyFxJpCrLnCc1nHnq3gOa6DZBocAIiI2TaSCA7VCJ1UJDMagCzIkXNsUYfD1daK//LTEQ8xiIbrHtcw==

w3c-keyname@^2.2.0:
  version "2.2.6"
  resolved "https://registry.npmjs.org/w3c-keyname/-/w3c-keyname-2.2.6.tgz"
  integrity sha512-f+fciywl1SJEniZHD6H+kUO8gOnwIr7f4ijKA6+ZvJFjeGi1r4PDLl53Ayud9O/rk64RqgoQine0feoeOU0kXg==

which@1.2.x, which@^1.2.9:
  version "1.2.14"
  resolved "https://registry.npmjs.org/which/-/which-1.2.14.tgz"
  integrity sha512-16uPglFkRPzgiUXYMi1Jf8Z5EzN1iB4V0ZtMXcHZnwsBtQhhHeCqoWw7tsUY42hJGNDWtUsVLTjakIa5BgAxCw==
  dependencies:
    isexe "^2.0.0"

yallist@^2.1.2:
  version "2.1.2"
  resolved "https://registry.npmjs.org/yallist/-/yallist-2.1.2.tgz"
  integrity sha512-ncTzHV7NvsQZkYe1DW7cbDLm0YpzHmZF5r/iyP3ZnQtMiJ+pjzisCiMNI+Sj+xQF5pXhSHxSB3uDbsBTzY/c2A==
